
Microsoft Visual Studio Solution File, Format Version 12.00
# Visual Studio Version 16
VisualStudioVersion = 16.0.30907.101
MinimumVisualStudioVersion = 10.0.40219.1
Project("{FAE04EC0-301F-11D3-BF4B-00C04F79EFBC}") = "prework-codechallenges", "prework-codechallenges\prework-codechallenges.csproj", "{8637D4FD-B204-4941-B1B2-49D233B6E73B}"
EndProject
Global
	GlobalSection(SolutionConfigurationPlatforms) = preSolution
		Debug|Any CPU = Debug|Any CPU
		Release|Any CPU = Release|Any CPU
	EndGlobalSection
	GlobalSection(ProjectConfigurationPlatforms) = postSolution
		{8637D4FD-B204-4941-B1B2-49D233B6E73B}.Debug|Any CPU.ActiveCfg = Debug|Any CPU
		{8637D4FD-B204-4941-B1B2-49D233B6E73B}.Debug|Any CPU.Build.0 = Debug|Any CPU
		{8637D4FD-B204-4941-B1B2-49D233B6E73B}.Release|Any CPU.ActiveCfg = Release|Any CPU
		{8637D4FD-B204-4941-B1B2-49D233B6E73B}.Release|Any CPU.Build.0 = Release|Any CPU
	EndGlobalSection
	GlobalSection(SolutionProperties) = preSolution
		HideSolutionNode = FALSE
	EndGlobalSection
	GlobalSection(ExtensibilityGlobals) = postSolution
		SolutionGuid = {5FD3BEDB-EA07-433B-96E2-AC8D88BB1719}
	EndGlobalSection
EndGlobal
